
Microsoft Visual Studio Solution File, Format Version 12.00
# Visual Studio Version 17
VisualStudioVersion = 17.1.32210.238
MinimumVisualStudioVersion = 10.0.40219.1
Project("{9A19103F-16F7-4668-BE54-9A1E7A4F7556}") = "lab2_4", "lab2_4\lab2_4.csproj", "{A15F92E1-6485-498C-A2A4-798CCBBFEABD}"
EndProject
Project("{FAE04EC0-301F-11D3-BF4B-00C04F79EFBC}") = "lab2_4_Tests", "lab2_4_Tests\lab2_4_Tests.csproj", "{B0116B35-60BD-49D3-BAE0-A6147AA1171B}"
EndProject
Global
	GlobalSection(SolutionConfigurationPlatforms) = preSolution
		Debug|Any CPU = Debug|Any CPU
		Release|Any CPU = Release|Any CPU
	EndGlobalSection
	GlobalSection(ProjectConfigurationPlatforms) = postSolution
		{A15F92E1-6485-498C-A2A4-798CCBBFEABD}.Debug|Any CPU.ActiveCfg = Debug|Any CPU
		{A15F92E1-6485-498C-A2A4-798CCBBFEABD}.Debug|Any CPU.Build.0 = Debug|Any CPU
		{A15F92E1-6485-498C-A2A4-798CCBBFEABD}.Release|Any CPU.ActiveCfg = Release|Any CPU
		{A15F92E1-6485-498C-A2A4-798CCBBFEABD}.Release|Any CPU.Build.0 = Release|Any CPU
		{B0116B35-60BD-49D3-BAE0-A6147AA1171B}.Debug|Any CPU.ActiveCfg = Debug|Any CPU
		{B0116B35-60BD-49D3-BAE0-A6147AA1171B}.Debug|Any CPU.Build.0 = Debug|Any CPU
		{B0116B35-60BD-49D3-BAE0-A6147AA1171B}.Release|Any CPU.ActiveCfg = Release|Any CPU
		{B0116B35-60BD-49D3-BAE0-A6147AA1171B}.Release|Any CPU.Build.0 = Release|Any CPU
	EndGlobalSection
	GlobalSection(SolutionProperties) = preSolution
		HideSolutionNode = FALSE
	EndGlobalSection
	GlobalSection(ExtensibilityGlobals) = postSolution
		SolutionGuid = {7B891049-6039-4694-B373-AA7E50C6A58C}
	EndGlobalSection
EndGlobal
